
Microsoft Visual Studio Solution File, Format Version 12.00
# Visual Studio Version 17
VisualStudioVersion = 17.9.34607.119
MinimumVisualStudioVersion = 10.0.40219.1
Project("{8BC9CEB8-8B4A-11D0-8D11-00A0C91BC942}") = "041_UCP_Pemdas", "041_UCP_Pemdas\041_UCP_Pemdas.vcxproj", "{9D2B6CB9-9F9B-4665-A8E4-939FAB001474}"
EndProject
Global
	GlobalSection(SolutionConfigurationPlatforms) = preSolution
		Debug|x64 = Debug|x64
		Debug|x86 = Debug|x86
		Release|x64 = Release|x64
		Release|x86 = Release|x86
	EndGlobalSection
	GlobalSection(ProjectConfigurationPlatforms) = postSolution
		{9D2B6CB9-9F9B-4665-A8E4-939FAB001474}.Debug|x64.ActiveCfg = Debug|x64
		{9D2B6CB9-9F9B-4665-A8E4-939FAB001474}.Debug|x64.Build.0 = Debug|x64
		{9D2B6CB9-9F9B-4665-A8E4-939FAB001474}.Debug|x86.ActiveCfg = Debug|Win32
		{9D2B6CB9-9F9B-4665-A8E4-939FAB001474}.Debug|x86.Build.0 = Debug|Win32
		{9D2B6CB9-9F9B-4665-A8E4-939FAB001474}.Release|x64.ActiveCfg = Release|x64
		{9D2B6CB9-9F9B-4665-A8E4-939FAB001474}.Release|x64.Build.0 = Release|x64
		{9D2B6CB9-9F9B-4665-A8E4-939FAB001474}.Release|x86.ActiveCfg = Release|Win32
		{9D2B6CB9-9F9B-4665-A8E4-939FAB001474}.Release|x86.Build.0 = Release|Win32
	EndGlobalSection
	GlobalSection(SolutionProperties) = preSolution
		HideSolutionNode = FALSE
	EndGlobalSection
	GlobalSection(ExtensibilityGlobals) = postSolution
		SolutionGuid = {5B4EB225-2C90-46DA-B263-3EEA2AE06305}
	EndGlobalSection
EndGlobal
